
Microsoft Visual Studio Solution File, Format Version 12.00
# Visual Studio Version 16
VisualStudioVersion = 16.0.30503.244
MinimumVisualStudioVersion = 10.0.40219.1
Project("{FAE04EC0-301F-11D3-BF4B-00C04F79EFBC}") = "NikshitPanchal_WebMobi", "NikshitPanchal_WebMobi\NikshitPanchal_WebMobi.csproj", "{C67E137D-FA19-45E2-956E-76B5236D736C}"
EndProject
Global
	GlobalSection(SolutionConfigurationPlatforms) = preSolution
		Debug|Any CPU = Debug|Any CPU
		Release|Any CPU = Release|Any CPU
	EndGlobalSection
	GlobalSection(ProjectConfigurationPlatforms) = postSolution
		{C67E137D-FA19-45E2-956E-76B5236D736C}.Debug|Any CPU.ActiveCfg = Debug|Any CPU
		{C67E137D-FA19-45E2-956E-76B5236D736C}.Debug|Any CPU.Build.0 = Debug|Any CPU
		{C67E137D-FA19-45E2-956E-76B5236D736C}.Release|Any CPU.ActiveCfg = Release|Any CPU
		{C67E137D-FA19-45E2-956E-76B5236D736C}.Release|Any CPU.Build.0 = Release|Any CPU
	EndGlobalSection
	GlobalSection(SolutionProperties) = preSolution
		HideSolutionNode = FALSE
	EndGlobalSection
	GlobalSection(ExtensibilityGlobals) = postSolution
		SolutionGuid = {18743409-183B-4CBA-BC2E-9FFD7C90359E}
	EndGlobalSection
EndGlobal
